// !$*UTF8*$!
{
	archiveVersion = 1;
	classes = {
	};
	objectVersion = 50;
	objects = {

/* Begin PBXBuildFile section */
		4B5F2D6A1D4888A2A8C68176 /* Pods_iOS_ServerUITests.framework in Frameworks */ = {isa = PBXBuildFile; fileRef = 8B3C89A8AD1AA74D32DF1BAA /* Pods_iOS_ServerUITests.framework */; };
		79CA1AD440B3A4CF26216DA9 /* Pods_iOS_Server_iOS_ServerTests.framework in Frameworks */ = {isa = PBXBuildFile; fileRef = 863E2C5B920C7CBC0CD022FA /* Pods_iOS_Server_iOS_ServerTests.framework */; };
		D2D691CB01BE6E45CAC4B47D /* Pods_iOS_Server.framework in Frameworks */ = {isa = PBXBuildFile; fileRef = 67A8CBD28B9CD4D74A7C0BEB /* Pods_iOS_Server.framework */; };
		DC357E6022CAF39800E3CF0D /* AppDelegate.m in Sources */ = {isa = PBXBuildFile; fileRef = DC357E5F22CAF39800E3CF0D /* AppDelegate.m */; };
		DC357E6322CAF39800E3CF0D /* ViewController.m in Sources */ = {isa = PBXBuildFile; fileRef = DC357E6222CAF39800E3CF0D /* ViewController.m */; };
		DC357E6622CAF39800E3CF0D /* Main.storyboard in Resources */ = {isa = PBXBuildFile; fileRef = DC357E6422CAF39800E3CF0D /* Main.storyboard */; };
		DC357E6822CAF39800E3CF0D /* Assets.xcassets in Resources */ = {isa = PBXBuildFile; fileRef = DC357E6722CAF39800E3CF0D /* Assets.xcassets */; };
		DC357E6B22CAF39800E3CF0D /* LaunchScreen.storyboard in Resources */ = {isa = PBXBuildFile; fileRef = DC357E6922CAF39800E3CF0D /* LaunchScreen.storyboard */; };
		DC357E6E22CAF39800E3CF0D /* main.m in Sources */ = {isa = PBXBuildFile; fileRef = DC357E6D22CAF39800E3CF0D /* main.m */; };
		DC357E7822CAF39800E3CF0D /* iOS_ServerTests.m in Sources */ = {isa = PBXBuildFile; fileRef = DC357E7722CAF39800E3CF0D /* iOS_ServerTests.m */; };
		DC357E8322CAF39800E3CF0D /* iOS_ServerUITests.m in Sources */ = {isa = PBXBuildFile; fileRef = DC357E8222CAF39800E3CF0D /* iOS_ServerUITests.m */; };
		DCA2CF3922CB2DF0000ABF55 /* webpack in Resources */ = {isa = PBXBuildFile; fileRef = DCA2CF3822CB2DF0000ABF55 /* webpack */; };
/* End PBXBuildFile section */

/* Begin PBXContainerItemProxy section */
		DC357E7422CAF39800E3CF0D /* PBXContainerItemProxy */ = {
			isa = PBXContainerItemProxy;
			containerPortal = DC357E5322CAF39800E3CF0D /* Project object */;
			proxyType = 1;
			remoteGlobalIDString = DC357E5A22CAF39800E3CF0D;
			remoteInfo = iOS_Server;
		};
		DC357E7F22CAF39800E3CF0D /* PBXContainerItemProxy */ = {
			isa = PBXContainerItemProxy;
			containerPortal = DC357E5322CAF39800E3CF0D /* Project object */;
			proxyType = 1;
			remoteGlobalIDString = DC357E5A22CAF39800E3CF0D;
			remoteInfo = iOS_Server;
		};
/* End PBXContainerItemProxy section */

/* Begin PBXFileReference section */
		0AD4C1A672119BBB0FDE62D8 /* Pods-iOS_Server.release.xcconfig */ = {isa = PBXFileReference; includeInIndex = 1; lastKnownFileType = text.xcconfig; name = "Pods-iOS_Server.release.xcconfig"; path = "Pods/Target Support Files/Pods-iOS_Server/Pods-iOS_Server.release.xcconfig"; sourceTree = "<group>"; };
		2576FEF676BA4B4D34455464 /* Pods-iOS_ServerUITests.debug.xcconfig */ = {isa = PBXFileReference; includeInIndex = 1; lastKnownFileType = text.xcconfig; name = "Pods-iOS_ServerUITests.debug.xcconfig"; path = "Pods/Target Support Files/Pods-iOS_ServerUITests/Pods-iOS_ServerUITests.debug.xcconfig"; sourceTree = "<group>"; };
		3424256B09DA497FE2956A51 /* Pods-iOS_Server.debug.xcconfig */ = {isa = PBXFileReference; includeInIndex = 1; lastKnownFileType = text.xcconfig; name = "Pods-iOS_Server.debug.xcconfig"; path = "Pods/Target Support Files/Pods-iOS_Server/Pods-iOS_Server.debug.xcconfig"; sourceTree = "<group>"; };
		4489A19FABCC990BABAC3500 /* Pods-iOS_Server-iOS_ServerTests.debug.xcconfig */ = {isa = PBXFileReference; includeInIndex = 1; lastKnownFileType = text.xcconfig; name = "Pods-iOS_Server-iOS_ServerTests.debug.xcconfig"; path = "Pods/Target Support Files/Pods-iOS_Server-iOS_ServerTests/Pods-iOS_Server-iOS_ServerTests.debug.xcconfig"; sourceTree = "<group>"; };
		67A8CBD28B9CD4D74A7C0BEB /* Pods_iOS_Server.framework */ = {isa = PBXFileReference; explicitFileType = wrapper.framework; includeInIndex = 0; path = Pods_iOS_Server.framework; sourceTree = BUILT_PRODUCTS_DIR; };
		863E2C5B920C7CBC0CD022FA /* Pods_iOS_Server_iOS_ServerTests.framework */ = {isa = PBXFileReference; explicitFileType = wrapper.framework; includeInIndex = 0; path = Pods_iOS_Server_iOS_ServerTests.framework; sourceTree = BUILT_PRODUCTS_DIR; };
		8B3C89A8AD1AA74D32DF1BAA /* Pods_iOS_ServerUITests.framework */ = {isa = PBXFileReference; explicitFileType = wrapper.framework; includeInIndex = 0; path = Pods_iOS_ServerUITests.framework; sourceTree = BUILT_PRODUCTS_DIR; };
		D3ED0DF54F0F455443F6CF16 /* Pods-iOS_ServerUITests.release.xcconfig */ = {isa = PBXFileReference; includeInIndex = 1; lastKnownFileType = text.xcconfig; name = "Pods-iOS_ServerUITests.release.xcconfig"; path = "Pods/Target Support Files/Pods-iOS_ServerUITests/Pods-iOS_ServerUITests.release.xcconfig"; sourceTree = "<group>"; };
		DC357E5B22CAF39800E3CF0D /* iOS_Server.app */ = {isa = PBXFileReference; explicitFileType = wrapper.application; includeInIndex = 0; path = iOS_Server.app; sourceTree = BUILT_PRODUCTS_DIR; };
		DC357E5E22CAF39800E3CF0D /* AppDelegate.h */ = {isa = PBXFileReference; lastKnownFileType = sourcecode.c.h; path = AppDelegate.h; sourceTree = "<group>"; };
		DC357E5F22CAF39800E3CF0D /* AppDelegate.m */ = {isa = PBXFileReference; lastKnownFileType = sourcecode.c.objc; path = AppDelegate.m; sourceTree = "<group>"; };
		DC357E6122CAF39800E3CF0D /* ViewController.h */ = {isa = PBXFileReference; lastKnownFileType = sourcecode.c.h; path = ViewController.h; sourceTree = "<group>"; };
		DC357E6222CAF39800E3CF0D /* ViewController.m */ = {isa = PBXFileReference; lastKnownFileType = sourcecode.c.objc; path = ViewController.m; sourceTree = "<group>"; };
		DC357E6522CAF39800E3CF0D /* Base */ = {isa = PBXFileReference; lastKnownFileType = file.storyboard; name = Base; path = Base.lproj/Main.storyboard; sourceTree = "<group>"; };
		DC357E6722CAF39800E3CF0D /* Assets.xcassets */ = {isa = PBXFileReference; lastKnownFileType = folder.assetcatalog; path = Assets.xcassets; sourceTree = "<group>"; };
		DC357E6A22CAF39800E3CF0D /* Base */ = {isa = PBXFileReference; lastKnownFileType = file.storyboard; name = Base; path = Base.lproj/LaunchScreen.storyboard; sourceTree = "<group>"; };
		DC357E6C22CAF39800E3CF0D /* Info.plist */ = {isa = PBXFileReference; lastKnownFileType = text.plist.xml; path = Info.plist; sourceTree = "<group>"; };
		DC357E6D22CAF39800E3CF0D /* main.m */ = {isa = PBXFileReference; lastKnownFileType = sourcecode.c.objc; path = main.m; sourceTree = "<group>"; };
		DC357E7322CAF39800E3CF0D /* iOS_ServerTests.xctest */ = {isa = PBXFileReference; explicitFileType = wrapper.cfbundle; includeInIndex = 0; path = iOS_ServerTests.xctest; sourceTree = BUILT_PRODUCTS_DIR; };
		DC357E7722CAF39800E3CF0D /* iOS_ServerTests.m */ = {isa = PBXFileReference; lastKnownFileType = sourcecode.c.objc; path = iOS_ServerTests.m; sourceTree = "<group>"; };
		DC357E7922CAF39800E3CF0D /* Info.plist */ = {isa = PBXFileReference; lastKnownFileType = text.plist.xml; path = Info.plist; sourceTree = "<group>"; };
		DC357E7E22CAF39800E3CF0D /* iOS_ServerUITests.xctest */ = {isa = PBXFileReference; explicitFileType = wrapper.cfbundle; includeInIndex = 0; path = iOS_ServerUITests.xctest; sourceTree = BUILT_PRODUCTS_DIR; };
		DC357E8222CAF39800E3CF0D /* iOS_ServerUITests.m */ = {isa = PBXFileReference; lastKnownFileType = sourcecode.c.objc; path = iOS_ServerUITests.m; sourceTree = "<group>"; };
		DC357E8422CAF39800E3CF0D /* Info.plist */ = {isa = PBXFileReference; lastKnownFileType = text.plist.xml; path = Info.plist; sourceTree = "<group>"; };
		DCA2CF3822CB2DF0000ABF55 /* webpack */ = {isa = PBXFileReference; lastKnownFileType = folder; path = webpack; sourceTree = "<group>"; };
		EFEBF2AE3D089767C74B32B4 /* Pods-iOS_Server-iOS_ServerTests.release.xcconfig */ = {isa = PBXFileReference; includeInIndex = 1; lastKnownFileType = text.xcconfig; name = "Pods-iOS_Server-iOS_ServerTests.release.xcconfig"; path = "Pods/Target Support Files/Pods-iOS_Server-iOS_ServerTests/Pods-iOS_Server-iOS_ServerTests.release.xcconfig"; sourceTree = "<group>"; };
/* End PBXFileReference section */

/* Begin PBXFrameworksBuildPhase section */
		DC357E5822CAF39800E3CF0D /* Frameworks */ = {
			isa = PBXFrameworksBuildPhase;
			buildActionMask = 2147483647;
			files = (
				D2D691CB01BE6E45CAC4B47D /* Pods_iOS_Server.framework in Frameworks */,
			);
			runOnlyForDeploymentPostprocessing = 0;
		};
		DC357E7022CAF39800E3CF0D /* Frameworks */ = {
			isa = PBXFrameworksBuildPhase;
			buildActionMask = 2147483647;
			files = (
				79CA1AD440B3A4CF26216DA9 /* Pods_iOS_Server_iOS_ServerTests.framework in Frameworks */,
			);
			runOnlyForDeploymentPostprocessing = 0;
		};
		DC357E7B22CAF39800E3CF0D /* Frameworks */ = {
			isa = PBXFrameworksBuildPhase;
			buildActionMask = 2147483647;
			files = (
				4B5F2D6A1D4888A2A8C68176 /* Pods_iOS_ServerUITests.framework in Frameworks */,
			);
			runOnlyForDeploymentPostprocessing = 0;
		};
/* End PBXFrameworksBuildPhase section */

/* Begin PBXGroup section */
		6ED0C2131DB655D3126F11B2 /* Pods */ = {
			isa = PBXGroup;
			children = (
				3424256B09DA497FE2956A51 /* Pods-iOS_Server.debug.xcconfig */,
				0AD4C1A672119BBB0FDE62D8 /* Pods-iOS_Server.release.xcconfig */,
				4489A19FABCC990BABAC3500 /* Pods-iOS_Server-iOS_ServerTests.debug.xcconfig */,
				EFEBF2AE3D089767C74B32B4 /* Pods-iOS_Server-iOS_ServerTests.release.xcconfig */,
				2576FEF676BA4B4D34455464 /* Pods-iOS_ServerUITests.debug.xcconfig */,
				D3ED0DF54F0F455443F6CF16 /* Pods-iOS_ServerUITests.release.xcconfig */,
			);
			name = Pods;
			sourceTree = "<group>";
		};
		A052A9838E39039E60CBBA8A /* Frameworks */ = {
			isa = PBXGroup;
			children = (
				67A8CBD28B9CD4D74A7C0BEB /* Pods_iOS_Server.framework */,
				863E2C5B920C7CBC0CD022FA /* Pods_iOS_Server_iOS_ServerTests.framework */,
				8B3C89A8AD1AA74D32DF1BAA /* Pods_iOS_ServerUITests.framework */,
			);
			name = Frameworks;
			sourceTree = "<group>";
		};
		DC357E5222CAF39800E3CF0D = {
			isa = PBXGroup;
			children = (
				DC357E5D22CAF39800E3CF0D /* iOS_Server */,
				DC357E7622CAF39800E3CF0D /* iOS_ServerTests */,
				DC357E8122CAF39800E3CF0D /* iOS_ServerUITests */,
				DC357E5C22CAF39800E3CF0D /* Products */,
				6ED0C2131DB655D3126F11B2 /* Pods */,
				A052A9838E39039E60CBBA8A /* Frameworks */,
			);
			sourceTree = "<group>";
		};
		DC357E5C22CAF39800E3CF0D /* Products */ = {
			isa = PBXGroup;
			children = (
				DC357E5B22CAF39800E3CF0D /* iOS_Server.app */,
				DC357E7322CAF39800E3CF0D /* iOS_ServerTests.xctest */,
				DC357E7E22CAF39800E3CF0D /* iOS_ServerUITests.xctest */,
			);
			name = Products;
			sourceTree = "<group>";
		};
		DC357E5D22CAF39800E3CF0D /* iOS_Server */ = {
			isa = PBXGroup;
			children = (
				DCA2CF3822CB2DF0000ABF55 /* webpack */,
				DC357E5E22CAF39800E3CF0D /* AppDelegate.h */,
				DC357E5F22CAF39800E3CF0D /* AppDelegate.m */,
				DC357E6122CAF39800E3CF0D /* ViewController.h */,
				DC357E6222CAF39800E3CF0D /* ViewController.m */,
				DC357E6422CAF39800E3CF0D /* Main.storyboard */,
				DC357E6722CAF39800E3CF0D /* Assets.xcassets */,
				DC357E6922CAF39800E3CF0D /* LaunchScreen.storyboard */,
				DC357E6C22CAF39800E3CF0D /* Info.plist */,
				DC357E6D22CAF39800E3CF0D /* main.m */,
			);
			path = iOS_Server;
			sourceTree = "<group>";
		};
		DC357E7622CAF39800E3CF0D /* iOS_ServerTests */ = {
			isa = PBXGroup;
			children = (
				DC357E7722CAF39800E3CF0D /* iOS_ServerTests.m */,
				DC357E7922CAF39800E3CF0D /* Info.plist */,
			);
			path = iOS_ServerTests;
			sourceTree = "<group>";
		};
		DC357E8122CAF39800E3CF0D /* iOS_ServerUITests */ = {
			isa = PBXGroup;
			children = (
				DC357E8222CAF39800E3CF0D /* iOS_ServerUITests.m */,
				DC357E8422CAF39800E3CF0D /* Info.plist */,
			);
			path = iOS_ServerUITests;
			sourceTree = "<group>";
		};
/* End PBXGroup section */

/* Begin PBXNativeTarget section */
		DC357E5A22CAF39800E3CF0D /* iOS_Server */ = {
			isa = PBXNativeTarget;
			buildConfigurationList = DC357E8722CAF39800E3CF0D /* Build configuration list for PBXNativeTarget "iOS_Server" */;
			buildPhases = (
				913746753BBE0C4824B1312C /* [CP] Check Pods Manifest.lock */,
				DC357E5722CAF39800E3CF0D /* Sources */,
				DC357E5822CAF39800E3CF0D /* Frameworks */,
				DC357E5922CAF39800E3CF0D /* Resources */,
				9145B227CBD87F8A78234CC5 /* [CP] Embed Pods Frameworks */,
			);
			buildRules = (
			);
			dependencies = (
			);
			name = iOS_Server;
			productName = iOS_Server;
			productReference = DC357E5B22CAF39800E3CF0D /* iOS_Server.app */;
			productType = "com.apple.product-type.application";
		};
		DC357E7222CAF39800E3CF0D /* iOS_ServerTests */ = {
			isa = PBXNativeTarget;
			buildConfigurationList = DC357E8A22CAF39800E3CF0D /* Build configuration list for PBXNativeTarget "iOS_ServerTests" */;
			buildPhases = (
				6EB4FC7DCCA315CD51F015F3 /* [CP] Check Pods Manifest.lock */,
				DC357E6F22CAF39800E3CF0D /* Sources */,
				DC357E7022CAF39800E3CF0D /* Frameworks */,
				DC357E7122CAF39800E3CF0D /* Resources */,
				19469C3D6C527D70FE077356 /* [CP] Embed Pods Frameworks */,
			);
			buildRules = (
			);
			dependencies = (
				DC357E7522CAF39800E3CF0D /* PBXTargetDependency */,
			);
			name = iOS_ServerTests;
			productName = iOS_ServerTests;
			productReference = DC357E7322CAF39800E3CF0D /* iOS_ServerTests.xctest */;
			productType = "com.apple.product-type.bundle.unit-test";
		};
		DC357E7D22CAF39800E3CF0D /* iOS_ServerUITests */ = {
			isa = PBXNativeTarget;
			buildConfigurationList = DC357E8D22CAF39800E3CF0D /* Build configuration list for PBXNativeTarget "iOS_ServerUITests" */;
			buildPhases = (
				EE89001F912680302AC30C0A /* [CP] Check Pods Manifest.lock */,
				DC357E7A22CAF39800E3CF0D /* Sources */,
				DC357E7B22CAF39800E3CF0D /* Frameworks */,
				DC357E7C22CAF39800E3CF0D /* Resources */,
			);
			buildRules = (
			);
			dependencies = (
				DC357E8022CAF39800E3CF0D /* PBXTargetDependency */,
			);
			name = iOS_ServerUITests;
			productName = iOS_ServerUITests;
			productReference = DC357E7E22CAF39800E3CF0D /* iOS_ServerUITests.xctest */;
			productType = "com.apple.product-type.bundle.ui-testing";
		};
/* End PBXNativeTarget section */

/* Begin PBXProject section */
		DC357E5322CAF39800E3CF0D /* Project object */ = {
			isa = PBXProject;
			attributes = {
				LastUpgradeCheck = 1020;
				ORGANIZATIONNAME = Alec;
				TargetAttributes = {
					DC357E5A22CAF39800E3CF0D = {
						CreatedOnToolsVersion = 10.2.1;
					};
					DC357E7222CAF39800E3CF0D = {
						CreatedOnToolsVersion = 10.2.1;
						TestTargetID = DC357E5A22CAF39800E3CF0D;
					};
					DC357E7D22CAF39800E3CF0D = {
						CreatedOnToolsVersion = 10.2.1;
						TestTargetID = DC357E5A22CAF39800E3CF0D;
					};
				};
			};
			buildConfigurationList = DC357E5622CAF39800E3CF0D /* Build configuration list for PBXProject "iOS_Server" */;
			compatibilityVersion = "Xcode 9.3";
			developmentRegion = en;
			hasScannedForEncodings = 0;
			knownRegions = (
				en,
				Base,
			);
			mainGroup = DC357E5222CAF39800E3CF0D;
			productRefGroup = DC357E5C22CAF39800E3CF0D /* Products */;
			projectDirPath = "";
			projectRoot = "";
			targets = (
				DC357E5A22CAF39800E3CF0D /* iOS_Server */,
				DC357E7222CAF39800E3CF0D /* iOS_ServerTests */,
				DC357E7D22CAF39800E3CF0D /* iOS_ServerUITests */,
			);
		};
/* End PBXProject section */

/* Begin PBXResourcesBuildPhase section */
		DC357E5922CAF39800E3CF0D /* Resources */ = {
			isa = PBXResourcesBuildPhase;
			buildActionMask = 2147483647;
			files = (
				DC357E6B22CAF39800E3CF0D /* LaunchScreen.storyboard in Resources */,
				DC357E6822CAF39800E3CF0D /* Assets.xcassets in Resources */,
				DCA2CF3922CB2DF0000ABF55 /* webpack in Resources */,
				DC357E6622CAF39800E3CF0D /* Main.storyboard in Resources */,
			);
			runOnlyForDeploymentPostprocessing = 0;
		};
		DC357E7122CAF39800E3CF0D /* Resources */ = {
			isa = PBXResourcesBuildPhase;
			buildActionMask = 2147483647;
			files = (
			);
			runOnlyForDeploymentPostprocessing = 0;
		};
		DC357E7C22CAF39800E3CF0D /* Resources */ = {
			isa = PBXResourcesBuildPhase;
			buildActionMask = 2147483647;
			files = (
			);
			runOnlyForDeploymentPostprocessing = 0;
		};
/* End PBXResourcesBuildPhase section */

/* Begin PBXShellScriptBuildPhase section */
		19469C3D6C527D70FE077356 /* [CP] Embed Pods Frameworks */ = {
			isa = PBXShellScriptBuildPhase;
			buildActionMask = 2147483647;
			files = (
			);
			inputFileListPaths = (
			);
			inputPaths = (
				"${SRCROOT}/Pods/Target Support Files/Pods-iOS_Server-iOS_ServerTests/Pods-iOS_Server-iOS_ServerTests-frameworks.sh",
				"${BUILT_PRODUCTS_DIR}/CVCocoaHTTPServeriOS/CVCocoaHTTPServeriOS.framework",
				"${BUILT_PRODUCTS_DIR}/CocoaAsyncSocket/CocoaAsyncSocket.framework",
				"${BUILT_PRODUCTS_DIR}/CocoaLumberjack/CocoaLumberjack.framework",
				"${BUILT_PRODUCTS_DIR}/MBProgressHUD/MBProgressHUD.framework",
			);
			name = "[CP] Embed Pods Frameworks";
			outputFileListPaths = (
			);
			outputPaths = (
				"${TARGET_BUILD_DIR}/${FRAMEWORKS_FOLDER_PATH}/CVCocoaHTTPServeriOS.framework",
				"${TARGET_BUILD_DIR}/${FRAMEWORKS_FOLDER_PATH}/CocoaAsyncSocket.framework",
				"${TARGET_BUILD_DIR}/${FRAMEWORKS_FOLDER_PATH}/CocoaLumberjack.framework",
				"${TARGET_BUILD_DIR}/${FRAMEWORKS_FOLDER_PATH}/MBProgressHUD.framework",
			);
			runOnlyForDeploymentPostprocessing = 0;
			shellPath = /bin/sh;
			shellScript = "\"${SRCROOT}/Pods/Target Support Files/Pods-iOS_Server-iOS_ServerTests/Pods-iOS_Server-iOS_ServerTests-frameworks.sh\"\n";
			showEnvVarsInLog = 0;
		};
		6EB4FC7DCCA315CD51F015F3 /* [CP] Check Pods Manifest.lock */ = {
			isa = PBXShellScriptBuildPhase;
			buildActionMask = 2147483647;
			files = (
			);
			inputFileListPaths = (
			);
			inputPaths = (
				"${PODS_PODFILE_DIR_PATH}/Podfile.lock",
				"${PODS_ROOT}/Manifest.lock",
			);
			name = "[CP] Check Pods Manifest.lock";
			outputFileListPaths = (
			);
			outputPaths = (
				"$(DERIVED_FILE_DIR)/Pods-iOS_Server-iOS_ServerTests-checkManifestLockResult.txt",
			);
			runOnlyForDeploymentPostprocessing = 0;
			shellPath = /bin/sh;
			shellScript = "diff \"${PODS_PODFILE_DIR_PATH}/Podfile.lock\" \"${PODS_ROOT}/Manifest.lock\" > /dev/null\nif [ $? != 0 ] ; then\n    # print error to STDERR\n    echo \"error: The sandbox is not in sync with the Podfile.lock. Run 'pod install' or update your CocoaPods installation.\" >&2\n    exit 1\nfi\n# This output is used by Xcode 'outputs' to avoid re-running this script phase.\necho \"SUCCESS\" > \"${SCRIPT_OUTPUT_FILE_0}\"\n";
			showEnvVarsInLog = 0;
		};
		913746753BBE0C4824B1312C /* [CP] Check Pods Manifest.lock */ = {
			isa = PBXShellScriptBuildPhase;
			buildActionMask = 2147483647;
			files = (
			);
			inputFileListPaths = (
			);
			inputPaths = (
				"${PODS_PODFILE_DIR_PATH}/Podfile.lock",
				"${PODS_ROOT}/Manifest.lock",
			);
			name = "[CP] Check Pods Manifest.lock";
			outputFileListPaths = (
			);
			outputPaths = (
				"$(DERIVED_FILE_DIR)/Pods-iOS_Server-checkManifestLockResult.txt",
			);
			runOnlyForDeploymentPostprocessing = 0;
			shellPath = /bin/sh;
			shellScript = "diff \"${PODS_PODFILE_DIR_PATH}/Podfile.lock\" \"${PODS_ROOT}/Manifest.lock\" > /dev/null\nif [ $? != 0 ] ; then\n    # print error to STDERR\n    echo \"error: The sandbox is not in sync with the Podfile.lock. Run 'pod install' or update your CocoaPods installation.\" >&2\n    exit 1\nfi\n# This output is used by Xcode 'outputs' to avoid re-running this script phase.\necho \"SUCCESS\" > \"${SCRIPT_OUTPUT_FILE_0}\"\n";
			showEnvVarsInLog = 0;
		};
		9145B227CBD87F8A78234CC5 /* [CP] Embed Pods Frameworks */ = {
			isa = PBXShellScriptBuildPhase;
			buildActionMask = 2147483647;
			files = (
			);
			inputFileListPaths = (
			);
			inputPaths = (
				"${SRCROOT}/Pods/Target Support Files/Pods-iOS_Server/Pods-iOS_Server-frameworks.sh",
				"${BUILT_PRODUCTS_DIR}/CVCocoaHTTPServeriOS/CVCocoaHTTPServeriOS.framework",
				"${BUILT_PRODUCTS_DIR}/CocoaAsyncSocket/CocoaAsyncSocket.framework",
				"${BUILT_PRODUCTS_DIR}/CocoaLumberjack/CocoaLumberjack.framework",
				"${BUILT_PRODUCTS_DIR}/MBProgressHUD/MBProgressHUD.framework",
			);
			name = "[CP] Embed Pods Frameworks";
			outputFileListPaths = (
			);
			outputPaths = (
				"${TARGET_BUILD_DIR}/${FRAMEWORKS_FOLDER_PATH}/CVCocoaHTTPServeriOS.framework",
				"${TARGET_BUILD_DIR}/${FRAMEWORKS_FOLDER_PATH}/CocoaAsyncSocket.framework",
				"${TARGET_BUILD_DIR}/${FRAMEWORKS_FOLDER_PATH}/CocoaLumberjack.framework",
				"${TARGET_BUILD_DIR}/${FRAMEWORKS_FOLDER_PATH}/MBProgressHUD.framework",
			);
			runOnlyForDeploymentPostprocessing = 0;
			shellPath = /bin/sh;
			shellScript = "\"${SRCROOT}/Pods/Target Support Files/Pods-iOS_Server/Pods-iOS_Server-frameworks.sh\"\n";
			showEnvVarsInLog = 0;
		};
		EE89001F912680302AC30C0A /* [CP] Check Pods Manifest.lock */ = {
			isa = PBXShellScriptBuildPhase;
			buildActionMask = 2147483647;
			files = (
			);
			inputFileListPaths = (
			);
			inputPaths = (
				"${PODS_PODFILE_DIR_PATH}/Podfile.lock",
				"${PODS_ROOT}/Manifest.lock",
			);
			name = "[CP] Check Pods Manifest.lock";
			outputFileListPaths = (
			);
			outputPaths = (
				"$(DERIVED_FILE_DIR)/Pods-iOS_ServerUITests-checkManifestLockResult.txt",
			);
			runOnlyForDeploymentPostprocessing = 0;
			shellPath = /bin/sh;
			shellScript = "diff \"${PODS_PODFILE_DIR_PATH}/Podfile.lock\" \"${PODS_ROOT}/Manifest.lock\" > /dev/null\nif [ $? != 0 ] ; then\n    # print error to STDERR\n    echo \"error: The sandbox is not in sync with the Podfile.lock. Run 'pod install' or update your CocoaPods installation.\" >&2\n    exit 1\nfi\n# This output is used by Xcode 'outputs' to avoid re-running this script phase.\necho \"SUCCESS\" > \"${SCRIPT_OUTPUT_FILE_0}\"\n";
			showEnvVarsInLog = 0;
		};
/* End PBXShellScriptBuildPhase section */

/* Begin PBXSourcesBuildPhase section */
		DC357E5722CAF39800E3CF0D /* Sources */ = {
			isa = PBXSourcesBuildPhase;
			buildActionMask = 2147483647;
			files = (
				DC357E6322CAF39800E3CF0D /* ViewController.m in Sources */,
				DC357E6E22CAF39800E3CF0D /* main.m in Sources */,
				DC357E6022CAF39800E3CF0D /* AppDelegate.m in Sources */,
			);
			runOnlyForDeploymentPostprocessing = 0;
		};
		DC357E6F22CAF39800E3CF0D /* Sources */ = {
			isa = PBXSourcesBuildPhase;
			buildActionMask = 2147483647;
			files = (
				DC357E7822CAF39800E3CF0D /* iOS_ServerTests.m in Sources */,
			);
			runOnlyForDeploymentPostprocessing = 0;
		};
		DC357E7A22CAF39800E3CF0D /* Sources */ = {
			isa = PBXSourcesBuildPhase;
			buildActionMask = 2147483647;
			files = (
				DC357E8322CAF39800E3CF0D /* iOS_ServerUITests.m in Sources */,
			);
			runOnlyForDeploymentPostprocessing = 0;
		};
/* End PBXSourcesBuildPhase section */

/* Begin PBXTargetDependency section */
		DC357E7522CAF39800E3CF0D /* PBXTargetDependency */ = {
			isa = PBXTargetDependency;
			target = DC357E5A22CAF39800E3CF0D /* iOS_Server */;
			targetProxy = DC357E7422CAF39800E3CF0D /* PBXContainerItemProxy */;
		};
		DC357E8022CAF39800E3CF0D /* PBXTargetDependency */ = {
			isa = PBXTargetDependency;
			target = DC357E5A22CAF39800E3CF0D /* iOS_Server */;
			targetProxy = DC357E7F22CAF39800E3CF0D /* PBXContainerItemProxy */;
		};
/* End PBXTargetDependency section */

/* Begin PBXVariantGroup section */
		DC357E6422CAF39800E3CF0D /* Main.storyboard */ = {
			isa = PBXVariantGroup;
			children = (
				DC357E6522CAF39800E3CF0D /* Base */,
			);
			name = Main.storyboard;
			sourceTree = "<group>";
		};
		DC357E6922CAF39800E3CF0D /* LaunchScreen.storyboard */ = {
			isa = PBXVariantGroup;
			children = (
				DC357E6A22CAF39800E3CF0D /* Base */,
			);
			name = LaunchScreen.storyboard;
			sourceTree = "<group>";
		};
/* End PBXVariantGroup section */

/* Begin XCBuildConfiguration section */
		DC357E8522CAF39800E3CF0D /* Debug */ = {
			isa = XCBuildConfiguration;
			buildSettings = {
				ALWAYS_SEARCH_USER_PATHS = NO;
				CLANG_ANALYZER_NONNULL = YES;
				CLANG_ANALYZER_NUMBER_OBJECT_CONVERSION = YES_AGGRESSIVE;
				CLANG_CXX_LANGUAGE_STANDARD = "gnu++14";
				CLANG_CXX_LIBRARY = "libc++";
				CLANG_ENABLE_MODULES = YES;
				CLANG_ENABLE_OBJC_ARC = YES;
				CLANG_ENABLE_OBJC_WEAK = YES;
				CLANG_WARN_BLOCK_CAPTURE_AUTORELEASING = YES;
				CLANG_WARN_BOOL_CONVERSION = YES;
				CLANG_WARN_COMMA = YES;
				CLANG_WARN_CONSTANT_CONVERSION = YES;
				CLANG_WARN_DEPRECATED_OBJC_IMPLEMENTATIONS = YES;
				CLANG_WARN_DIRECT_OBJC_ISA_USAGE = YES_ERROR;
				CLANG_WARN_DOCUMENTATION_COMMENTS = YES;
				CLANG_WARN_EMPTY_BODY = YES;
				CLANG_WARN_ENUM_CONVERSION = YES;
				CLANG_WARN_INFINITE_RECURSION = YES;
				CLANG_WARN_INT_CONVERSION = YES;
				CLANG_WARN_NON_LITERAL_NULL_CONVERSION = YES;
				CLANG_WARN_OBJC_IMPLICIT_RETAIN_SELF = YES;
				CLANG_WARN_OBJC_LITERAL_CONVERSION = YES;
				CLANG_WARN_OBJC_ROOT_CLASS = YES_ERROR;
				CLANG_WARN_RANGE_LOOP_ANALYSIS = YES;
				CLANG_WARN_STRICT_PROTOTYPES = YES;
				CLANG_WARN_SUSPICIOUS_MOVE = YES;
				CLANG_WARN_UNGUARDED_AVAILABILITY = YES_AGGRESSIVE;
				CLANG_WARN_UNREACHABLE_CODE = YES;
				CLANG_WARN__DUPLICATE_METHOD_MATCH = YES;
				CODE_SIGN_IDENTITY = "iPhone Developer";
				COPY_PHASE_STRIP = NO;
				DEBUG_INFORMATION_FORMAT = dwarf;
				ENABLE_STRICT_OBJC_MSGSEND = YES;
				ENABLE_TESTABILITY = YES;
				GCC_C_LANGUAGE_STANDARD = gnu11;
				GCC_DYNAMIC_NO_PIC = NO;
				GCC_NO_COMMON_BLOCKS = YES;
				GCC_OPTIMIZATION_LEVEL = 0;
				GCC_PREPROCESSOR_DEFINITIONS = (
					"DEBUG=1",
					"$(inherited)",
				);
				GCC_WARN_64_TO_32_BIT_CONVERSION = YES;
				GCC_WARN_ABOUT_RETURN_TYPE = YES_ERROR;
				GCC_WARN_UNDECLARED_SELECTOR = YES;
				GCC_WARN_UNINITIALIZED_AUTOS = YES_AGGRESSIVE;
				GCC_WARN_UNUSED_FUNCTION = YES;
				GCC_WARN_UNUSED_VARIABLE = YES;
				IPHONEOS_DEPLOYMENT_TARGET = 9.0;
				MTL_ENABLE_DEBUG_INFO = INCLUDE_SOURCE;
				MTL_FAST_MATH = YES;
				ONLY_ACTIVE_ARCH = YES;
				SDKROOT = iphoneos;
			};
			name = Debug;
		};
		DC357E8622CAF39800E3CF0D /* Release */ = {
			isa = XCBuildConfiguration;
			buildSettings = {
				ALWAYS_SEARCH_USER_PATHS = NO;
				CLANG_ANALYZER_NONNULL = YES;
				CLANG_ANALYZER_NUMBER_OBJECT_CONVERSION = YES_AGGRESSIVE;
				CLANG_CXX_LANGUAGE_STANDARD = "gnu++14";
				CLANG_CXX_LIBRARY = "libc++";
				CLANG_ENABLE_MODULES = YES;
				CLANG_ENABLE_OBJC_ARC = YES;
				CLANG_ENABLE_OBJC_WEAK = YES;
				CLANG_WARN_BLOCK_CAPTURE_AUTORELEASING = YES;
				CLANG_WARN_BOOL_CONVERSION = YES;
				CLANG_WARN_COMMA = YES;
				CLANG_WARN_CONSTANT_CONVERSION = YES;
				CLANG_WARN_DEPRECATED_OBJC_IMPLEMENTATIONS = YES;
				CLANG_WARN_DIRECT_OBJC_ISA_USAGE = YES_ERROR;
				CLANG_WARN_DOCUMENTATION_COMMENTS = YES;
				CLANG_WARN_EMPTY_BODY = YES;
				CLANG_WARN_ENUM_CONVERSION = YES;
				CLANG_WARN_INFINITE_RECURSION = YES;
				CLANG_WARN_INT_CONVERSION = YES;
				CLANG_WARN_NON_LITERAL_NULL_CONVERSION = YES;
				CLANG_WARN_OBJC_IMPLICIT_RETAIN_SELF = YES;
				CLANG_WARN_OBJC_LITERAL_CONVERSION = YES;
				CLANG_WARN_OBJC_ROOT_CLASS = YES_ERROR;
				CLANG_WARN_RANGE_LOOP_ANALYSIS = YES;
				CLANG_WARN_STRICT_PROTOTYPES = YES;
				CLANG_WARN_SUSPICIOUS_MOVE = YES;
				CLANG_WARN_UNGUARDED_AVAILABILITY = YES_AGGRESSIVE;
				CLANG_WARN_UNREACHABLE_CODE = YES;
				CLANG_WARN__DUPLICATE_METHOD_MATCH = YES;
				CODE_SIGN_IDENTITY = "iPhone Developer";
				COPY_PHASE_STRIP = NO;
				DEBUG_INFORMATION_FORMAT = "dwarf-with-dsym";
				ENABLE_NS_ASSERTIONS = NO;
				ENABLE_STRICT_OBJC_MSGSEND = YES;
				GCC_C_LANGUAGE_STANDARD = gnu11;
				GCC_NO_COMMON_BLOCKS = YES;
				GCC_WARN_64_TO_32_BIT_CONVERSION = YES;
				GCC_WARN_ABOUT_RETURN_TYPE = YES_ERROR;
				GCC_WARN_UNDECLARED_SELECTOR = YES;
				GCC_WARN_UNINITIALIZED_AUTOS = YES_AGGRESSIVE;
				GCC_WARN_UNUSED_FUNCTION = YES;
				GCC_WARN_UNUSED_VARIABLE = YES;
				IPHONEOS_DEPLOYMENT_TARGET = 9.0;
				MTL_ENABLE_DEBUG_INFO = NO;
				MTL_FAST_MATH = YES;
				SDKROOT = iphoneos;
				VALIDATE_PRODUCT = YES;
			};
			name = Release;
		};
		DC357E8822CAF39800E3CF0D /* Debug */ = {
			isa = XCBuildConfiguration;
			baseConfigurationReference = 3424256B09DA497FE2956A51 /* Pods-iOS_Server.debug.xcconfig */;
			buildSettings = {
				ASSETCATALOG_COMPILER_APPICON_NAME = AppIcon;
				CODE_SIGN_STYLE = Automatic;
				DEVELOPMENT_TEAM = XZTRC66K6C;
				INFOPLIST_FILE = iOS_Server/Info.plist;
				LD_RUNPATH_SEARCH_PATHS = (
					"$(inherited)",
					"@executable_path/Frameworks",
				);
				PRODUCT_BUNDLE_IDENTIFIER = "Alec.iOS-Server";
				PRODUCT_NAME = "$(TARGET_NAME)";
				TARGETED_DEVICE_FAMILY = "1,2";
			};
			name = Debug;
		};
		DC357E8922CAF39800E3CF0D /* Release */ = {
			isa = XCBuildConfiguration;
			baseConfigurationReference = 0AD4C1A672119BBB0FDE62D8 /* Pods-iOS_Server.release.xcconfig */;
			buildSettings = {
				ASSETCATALOG_COMPILER_APPICON_NAME = AppIcon;
				CODE_SIGN_STYLE = Automatic;
				DEVELOPMENT_TEAM = XZTRC66K6C;
				INFOPLIST_FILE = iOS_Server/Info.plist;
				LD_RUNPATH_SEARCH_PATHS = (
					"$(inherited)",
					"@executable_path/Frameworks",
				);
				PRODUCT_BUNDLE_IDENTIFIER = "Alec.iOS-Server";
				PRODUCT_NAME = "$(TARGET_NAME)";
				TARGETED_DEVICE_FAMILY = "1,2";
			};
			name = Release;
		};
		DC357E8B22CAF39800E3CF0D /* Debug */ = {
			isa = XCBuildConfiguration;
			baseConfigurationReference = 4489A19FABCC990BABAC3500 /* Pods-iOS_Server-iOS_ServerTests.debug.xcconfig */;
			buildSettings = {
				BUNDLE_LOADER = "$(TEST_HOST)";
				CODE_SIGN_STYLE = Automatic;
				DEVELOPMENT_TEAM = XZTRC66K6C;
				INFOPLIST_FILE = iOS_ServerTests/Info.plist;
				LD_RUNPATH_SEARCH_PATHS = (
					"$(inherited)",
					"@executable_path/Frameworks",
					"@loader_path/Frameworks",
				);
				PRODUCT_BUNDLE_IDENTIFIER = "Alec.iOS-ServerTests";
				PRODUCT_NAME = "$(TARGET_NAME)";
				TARGETED_DEVICE_FAMILY = "1,2";
				TEST_HOST = "$(BUILT_PRODUCTS_DIR)/iOS_Server.app/iOS_Server";
			};
			name = Debug;
		};
		DC357E8C22CAF39800E3CF0D /* Release */ = {
			isa = XCBuildConfiguration;
			baseConfigurationReference = EFEBF2AE3D089767C74B32B4 /* Pods-iOS_Server-iOS_ServerTests.release.xcconfig */;
			buildSettings = {
				BUNDLE_LOADER = "$(TEST_HOST)";
				CODE_SIGN_STYLE = Automatic;
				DEVELOPMENT_TEAM = XZTRC66K6C;
				INFOPLIST_FILE = iOS_ServerTests/Info.plist;
				LD_RUNPATH_SEARCH_PATHS = (
					"$(inherited)",
					"@executable_path/Frameworks",
					"@loader_path/Frameworks",
				);
				PRODUCT_BUNDLE_IDENTIFIER = "Alec.iOS-ServerTests";
				PRODUCT_NAME = "$(TARGET_NAME)";
				TARGETED_DEVICE_FAMILY = "1,2";
				TEST_HOST = "$(BUILT_PRODUCTS_DIR)/iOS_Server.app/iOS_Server";
			};
			name = Release;
		};
		DC357E8E22CAF39800E3CF0D /* Debug */ = {
			isa = XCBuildConfiguration;
			baseConfigurationReference = 2576FEF676BA4B4D34455464 /* Pods-iOS_ServerUITests.debug.xcconfig */;
			buildSettings = {
				CODE_SIGN_STYLE = Automatic;
				DEVELOPMENT_TEAM = XZTRC66K6C;
				INFOPLIST_FILE = iOS_ServerUITests/Info.plist;
				LD_RUNPATH_SEARCH_PATHS = (
					"$(inherited)",
					"@executable_path/Frameworks",
					"@loader_path/Frameworks",
				);
				PRODUCT_BUNDLE_IDENTIFIER = "Alec.iOS-ServerUITests";
				PRODUCT_NAME = "$(TARGET_NAME)";
				TARGETED_DEVICE_FAMILY = "1,2";
				TEST_TARGET_NAME = iOS_Server;
			};
			name = Debug;
		};
		DC357E8F22CAF39800E3CF0D /* Release */ = {
			isa = XCBuildConfiguration;
			baseConfigurationReference = D3ED0DF54F0F455443F6CF16 /* Pods-iOS_ServerUITests.release.xcconfig */;
			buildSettings = {
				CODE_SIGN_STYLE = Automatic;
				DEVELOPMENT_TEAM = XZTRC66K6C;
				INFOPLIST_FILE = iOS_ServerUITests/Info.plist;
				LD_RUNPATH_SEARCH_PATHS = (
					"$(inherited)",
					"@executable_path/Frameworks",
					"@loader_path/Frameworks",
				);
				PRODUCT_BUNDLE_IDENTIFIER = "Alec.iOS-ServerUITests";
				PRODUCT_NAME = "$(TARGET_NAME)";
				TARGETED_DEVICE_FAMILY = "1,2";
				TEST_TARGET_NAME = iOS_Server;
			};
			name = Release;
		};
/* End XCBuildConfiguration section */

/* Begin XCConfigurationList section */
		DC357E5622CAF39800E3CF0D /* Build configuration list for PBXProject "iOS_Server" */ = {
			isa = XCConfigurationList;
			buildConfigurations = (
				DC357E8522CAF39800E3CF0D /* Debug */,
				DC357E8622CAF39800E3CF0D /* Release */,
			);
			defaultConfigurationIsVisible = 0;
			defaultConfigurationName = Release;
		};
		DC357E8722CAF39800E3CF0D /* Build configuration list for PBXNativeTarget "iOS_Server" */ = {
			isa = XCConfigurationList;
			buildConfigurations = (
				DC357E8822CAF39800E3CF0D /* Debug */,
				DC357E8922CAF39800E3CF0D /* Release */,
			);
			defaultConfigurationIsVisible = 0;
			defaultConfigurationName = Release;
		};
		DC357E8A22CAF39800E3CF0D /* Build configuration list for PBXNativeTarget "iOS_ServerTests" */ = {
			isa = XCConfigurationList;
			buildConfigurations = (
				DC357E8B22CAF39800E3CF0D /* Debug */,
				DC357E8C22CAF39800E3CF0D /* Release */,
			);
			defaultConfigurationIsVisible = 0;
			defaultConfigurationName = Release;
		};
		DC357E8D22CAF39800E3CF0D /* Build configuration list for PBXNativeTarget "iOS_ServerUITests" */ = {
			isa = XCConfigurationList;
			buildConfigurations = (
				DC357E8E22CAF39800E3CF0D /* Debug */,
				DC357E8F22CAF39800E3CF0D /* Release */,
			);
			defaultConfigurationIsVisible = 0;
			defaultConfigurationName = Release;
		};
/* End XCConfigurationList section */
	};
	rootObject = DC357E5322CAF39800E3CF0D /* Project object */;
}
